
Microsoft Visual Studio Solution File, Format Version 12.00
# Visual Studio Version 17
VisualStudioVersion = 17.3.32825.248
MinimumVisualStudioVersion = 10.0.40219.1
Project("{FAE04EC0-301F-11D3-BF4B-00C04F79EFBC}") = "lab_5_praktika", "lab_5_praktika.csproj", "{938077A5-6C88-42B3-A024-98F0A93291A6}"
EndProject
Global
	GlobalSection(SolutionConfigurationPlatforms) = preSolution
		Debug|Any CPU = Debug|Any CPU
		Release|Any CPU = Release|Any CPU
	EndGlobalSection
	GlobalSection(ProjectConfigurationPlatforms) = postSolution
		{938077A5-6C88-42B3-A024-98F0A93291A6}.Debug|Any CPU.ActiveCfg = Debug|Any CPU
		{938077A5-6C88-42B3-A024-98F0A93291A6}.Debug|Any CPU.Build.0 = Debug|Any CPU
		{938077A5-6C88-42B3-A024-98F0A93291A6}.Release|Any CPU.ActiveCfg = Release|Any CPU
		{938077A5-6C88-42B3-A024-98F0A93291A6}.Release|Any CPU.Build.0 = Release|Any CPU
	EndGlobalSection
	GlobalSection(SolutionProperties) = preSolution
		HideSolutionNode = FALSE
	EndGlobalSection
	GlobalSection(ExtensibilityGlobals) = postSolution
		SolutionGuid = {26DC9DF0-4B3A-4649-B5CC-68BD0FA930F4}
	EndGlobalSection
EndGlobal
